{
  "version": 1,
  "dependencies": {
    "net10.0": {
      "Neo4j.Driver": {
        "type": "Direct",
        "requested": "[6.3.0, )",
        "resolved": "6.3.0",
        "contentHash": "USPPWixK2RkGO+BVuPa4WAH1p0BZpp4d5iIukXEL7/muoYT4bjB62pVlAuQyaW/3PfC0JTDlehsjKwOVf+yQdg=="
      }
    }
  }
}